
Microsoft Visual Studio Solution File, Format Version 12.00
# Visual Studio 15
VisualStudioVersion = 15.0.26228.4
MinimumVisualStudioVersion = 10.0.40219.1
Project("{FAE04EC0-301F-11D3-BF4B-00C04F79EFBC}") = "Filters", "Filters\Filters.csproj", "{26D91283-27BD-404C-A712-CB87A12A6F04}"
EndProject
Project("{2150E333-8FDC-42A3-9474-1A3956D46DE8}") = "Test", "Test", "{7C54FBAC-872E-4262-AD15-E0BB4F336C2A}"
EndProject
Project("{FAE04EC0-301F-11D3-BF4B-00C04F79EFBC}") = "Filters.Tests", "Filters.Tests\Filters.Tests.csproj", "{4BDC4345-BCB5-496F-923B-5C66FF9F7D5A}"
EndProject
Global
	GlobalSection(SolutionConfigurationPlatforms) = preSolution
		Debug|Any CPU = Debug|Any CPU
		Release|Any CPU = Release|Any CPU
	EndGlobalSection
	GlobalSection(ProjectConfigurationPlatforms) = postSolution
		{26D91283-27BD-404C-A712-CB87A12A6F04}.Debug|Any CPU.ActiveCfg = Debug|Any CPU
		{26D91283-27BD-404C-A712-CB87A12A6F04}.Debug|Any CPU.Build.0 = Debug|Any CPU
		{26D91283-27BD-404C-A712-CB87A12A6F04}.Release|Any CPU.ActiveCfg = Release|Any CPU
		{26D91283-27BD-404C-A712-CB87A12A6F04}.Release|Any CPU.Build.0 = Release|Any CPU
		{4BDC4345-BCB5-496F-923B-5C66FF9F7D5A}.Debug|Any CPU.ActiveCfg = Debug|Any CPU
		{4BDC4345-BCB5-496F-923B-5C66FF9F7D5A}.Debug|Any CPU.Build.0 = Debug|Any CPU
		{4BDC4345-BCB5-496F-923B-5C66FF9F7D5A}.Release|Any CPU.ActiveCfg = Release|Any CPU
		{4BDC4345-BCB5-496F-923B-5C66FF9F7D5A}.Release|Any CPU.Build.0 = Release|Any CPU
	EndGlobalSection
	GlobalSection(SolutionProperties) = preSolution
		HideSolutionNode = FALSE
	EndGlobalSection
	GlobalSection(NestedProjects) = preSolution
		{4BDC4345-BCB5-496F-923B-5C66FF9F7D5A} = {7C54FBAC-872E-4262-AD15-E0BB4F336C2A}
	EndGlobalSection
EndGlobal
